// !$*UTF8*$!
{
	archiveVersion = 1;
	classes = {
	};
	objectVersion = 50;
	objects = {

/* Begin PBXBuildFile section */
		DD99A5FC22528F7A00B91568 /* PopUpGameResult.swift in Sources */ = {isa = PBXBuildFile; fileRef = DD99A5FB22528F7A00B91568 /* PopUpGameResult.swift */; };
		DD99A5FE22529E3300B91568 /* DateRangeDefinder.swift in Sources */ = {isa = PBXBuildFile; fileRef = DD99A5FD22529E3300B91568 /* DateRangeDefinder.swift */; };
		DDB5A6E122495FB000E26C14 /* StringExtensions.swift in Sources */ = {isa = PBXBuildFile; fileRef = DDB5A6E022495FB000E26C14 /* StringExtensions.swift */; };
		DDB5A6E3224961EF00E26C14 /* ListOfGameResultsCellExtentions.swift in Sources */ = {isa = PBXBuildFile; fileRef = DDB5A6E2224961EF00E26C14 /* ListOfGameResultsCellExtentions.swift */; };
		DDB5A6E62249702000E26C14 /* ExtendedOptions.swift in Sources */ = {isa = PBXBuildFile; fileRef = DDB5A6E52249702000E26C14 /* ExtendedOptions.swift */; };
		DDDDA306225B08C800B6304A /* GameStoryboard.storyboard in Resources */ = {isa = PBXBuildFile; fileRef = DDDDA305225B08C800B6304A /* GameStoryboard.storyboard */; };
		DDDDA30B225B09D500B6304A /* GameInfoViewController.swift in Sources */ = {isa = PBXBuildFile; fileRef = DDDDA30A225B09D500B6304A /* GameInfoViewController.swift */; };
		DDDDA30D225B09F500B6304A /* GameInfoView.swift in Sources */ = {isa = PBXBuildFile; fileRef = DDDDA30C225B09F500B6304A /* GameInfoView.swift */; };
		DDE4462F224034D3002A409E /* PopUpGameResultsViewControllerExtensions.swift in Sources */ = {isa = PBXBuildFile; fileRef = DDE4462E224034D3002A409E /* PopUpGameResultsViewControllerExtensions.swift */; };
		DDE7433D220D55A400A73247 /* AppDelegate.swift in Sources */ = {isa = PBXBuildFile; fileRef = DDE7433C220D55A400A73247 /* AppDelegate.swift */; };
		DDE7433F220D55A400A73247 /* GameResultsViewController.swift in Sources */ = {isa = PBXBuildFile; fileRef = DDE7433E220D55A400A73247 /* GameResultsViewController.swift */; };
		DDE74342220D55A400A73247 /* Main.storyboard in Resources */ = {isa = PBXBuildFile; fileRef = DDE74340220D55A400A73247 /* Main.storyboard */; };
		DDE74345220D55A400A73247 /* HockeyWithMe.xcdatamodeld in Sources */ = {isa = PBXBuildFile; fileRef = DDE74343220D55A400A73247 /* HockeyWithMe.xcdatamodeld */; };
		DDE74347220D55A800A73247 /* Assets.xcassets in Resources */ = {isa = PBXBuildFile; fileRef = DDE74346220D55A800A73247 /* Assets.xcassets */; };
		DDE7434A220D55A800A73247 /* LaunchScreen.storyboard in Resources */ = {isa = PBXBuildFile; fileRef = DDE74348220D55A800A73247 /* LaunchScreen.storyboard */; };
		DDE74356220D5B0700A73247 /* ServerService.swift in Sources */ = {isa = PBXBuildFile; fileRef = DDE74355220D5B0700A73247 /* ServerService.swift */; };
		DDE74358221148A000A73247 /* DowloadListOfGamesResult.swift in Sources */ = {isa = PBXBuildFile; fileRef = DDE74357221148A000A73247 /* DowloadListOfGamesResult.swift */; };
		DDE7435B22114EE500A73247 /* GamesResult.swift in Sources */ = {isa = PBXBuildFile; fileRef = DDE7435A22114EE500A73247 /* GamesResult.swift */; };
		DDE74365221E800300A73247 /* ListOfGamesResultsCell.swift in Sources */ = {isa = PBXBuildFile; fileRef = DDE74364221E800300A73247 /* ListOfGamesResultsCell.swift */; };
		DDE74367221E819500A73247 /* ListOfGameView.swift in Sources */ = {isa = PBXBuildFile; fileRef = DDE74366221E819500A73247 /* ListOfGameView.swift */; };
		DDE7436A221FCA7400A73247 /* ListOfGameResultsViewProtocol.swift in Sources */ = {isa = PBXBuildFile; fileRef = DDE74369221FCA7400A73247 /* ListOfGameResultsViewProtocol.swift */; };
		DDE7436C2227B60300A73247 /* CreatListOfGameResults.swift in Sources */ = {isa = PBXBuildFile; fileRef = DDE7436B2227B60300A73247 /* CreatListOfGameResults.swift */; };
		DDE7436E2227B66F00A73247 /* GameResultsViewControllerExtensions.swift in Sources */ = {isa = PBXBuildFile; fileRef = DDE7436D2227B66F00A73247 /* GameResultsViewControllerExtensions.swift */; };
		DDE743CA223A1F4400A73247 /* PopUpGamesResultsView.swift in Sources */ = {isa = PBXBuildFile; fileRef = DDE743C9223A1F4400A73247 /* PopUpGamesResultsView.swift */; };
		DDE743CC223A207F00A73247 /* PopUpGameResultsViewController.swift in Sources */ = {isa = PBXBuildFile; fileRef = DDE743CB223A207F00A73247 /* PopUpGameResultsViewController.swift */; };
		DDE743CF223A22FE00A73247 /* UiViewExtension.swift in Sources */ = {isa = PBXBuildFile; fileRef = DDE743CE223A22FE00A73247 /* UiViewExtension.swift */; };
/* End PBXBuildFile section */

/* Begin PBXFileReference section */
		DD99A5FB22528F7A00B91568 /* PopUpGameResult.swift */ = {isa = PBXFileReference; lastKnownFileType = sourcecode.swift; path = PopUpGameResult.swift; sourceTree = "<group>"; };
		DD99A5FD22529E3300B91568 /* DateRangeDefinder.swift */ = {isa = PBXFileReference; lastKnownFileType = sourcecode.swift; path = DateRangeDefinder.swift; sourceTree = "<group>"; };
		DDB5A6E022495FB000E26C14 /* StringExtensions.swift */ = {isa = PBXFileReference; lastKnownFileType = sourcecode.swift; path = StringExtensions.swift; sourceTree = "<group>"; };
		DDB5A6E2224961EF00E26C14 /* ListOfGameResultsCellExtentions.swift */ = {isa = PBXFileReference; lastKnownFileType = sourcecode.swift; path = ListOfGameResultsCellExtentions.swift; sourceTree = "<group>"; };
		DDB5A6E52249702000E26C14 /* ExtendedOptions.swift */ = {isa = PBXFileReference; lastKnownFileType = sourcecode.swift; path = ExtendedOptions.swift; sourceTree = "<group>"; };
		DDDDA305225B08C800B6304A /* GameStoryboard.storyboard */ = {isa = PBXFileReference; lastKnownFileType = file.storyboard; path = GameStoryboard.storyboard; sourceTree = "<group>"; };
		DDDDA30A225B09D500B6304A /* GameInfoViewController.swift */ = {isa = PBXFileReference; lastKnownFileType = sourcecode.swift; path = GameInfoViewController.swift; sourceTree = "<group>"; };
		DDDDA30C225B09F500B6304A /* GameInfoView.swift */ = {isa = PBXFileReference; lastKnownFileType = sourcecode.swift; path = GameInfoView.swift; sourceTree = "<group>"; };
		DDE4462E224034D3002A409E /* PopUpGameResultsViewControllerExtensions.swift */ = {isa = PBXFileReference; lastKnownFileType = sourcecode.swift; path = PopUpGameResultsViewControllerExtensions.swift; sourceTree = "<group>"; };
		DDE74339220D55A400A73247 /* HockeyWithMe.app */ = {isa = PBXFileReference; explicitFileType = wrapper.application; includeInIndex = 0; path = HockeyWithMe.app; sourceTree = BUILT_PRODUCTS_DIR; };
		DDE7433C220D55A400A73247 /* AppDelegate.swift */ = {isa = PBXFileReference; lastKnownFileType = sourcecode.swift; path = AppDelegate.swift; sourceTree = "<group>"; };
		DDE7433E220D55A400A73247 /* GameResultsViewController.swift */ = {isa = PBXFileReference; lastKnownFileType = sourcecode.swift; path = GameResultsViewController.swift; sourceTree = "<group>"; };
		DDE74341220D55A400A73247 /* Base */ = {isa = PBXFileReference; lastKnownFileType = file.storyboard; name = Base; path = Base.lproj/Main.storyboard; sourceTree = "<group>"; };
		DDE74344220D55A400A73247 /* HockeyWithMe.xcdatamodel */ = {isa = PBXFileReference; lastKnownFileType = wrapper.xcdatamodel; path = HockeyWithMe.xcdatamodel; sourceTree = "<group>"; };
		DDE74346220D55A800A73247 /* Assets.xcassets */ = {isa = PBXFileReference; lastKnownFileType = folder.assetcatalog; path = Assets.xcassets; sourceTree = "<group>"; };
		DDE74349220D55A800A73247 /* Base */ = {isa = PBXFileReference; lastKnownFileType = file.storyboard; name = Base; path = Base.lproj/LaunchScreen.storyboard; sourceTree = "<group>"; };
		DDE7434B220D55A800A73247 /* Info.plist */ = {isa = PBXFileReference; lastKnownFileType = text.plist.xml; path = Info.plist; sourceTree = "<group>"; };
		DDE74355220D5B0700A73247 /* ServerService.swift */ = {isa = PBXFileReference; lastKnownFileType = sourcecode.swift; path = ServerService.swift; sourceTree = "<group>"; };
		DDE74357221148A000A73247 /* DowloadListOfGamesResult.swift */ = {isa = PBXFileReference; lastKnownFileType = sourcecode.swift; path = DowloadListOfGamesResult.swift; sourceTree = "<group>"; };
		DDE7435A22114EE500A73247 /* GamesResult.swift */ = {isa = PBXFileReference; lastKnownFileType = sourcecode.swift; path = GamesResult.swift; sourceTree = "<group>"; };
		DDE74364221E800300A73247 /* ListOfGamesResultsCell.swift */ = {isa = PBXFileReference; lastKnownFileType = sourcecode.swift; path = ListOfGamesResultsCell.swift; sourceTree = "<group>"; };
		DDE74366221E819500A73247 /* ListOfGameView.swift */ = {isa = PBXFileReference; lastKnownFileType = sourcecode.swift; path = ListOfGameView.swift; sourceTree = "<group>"; };
		DDE74369221FCA7400A73247 /* ListOfGameResultsViewProtocol.swift */ = {isa = PBXFileReference; lastKnownFileType = sourcecode.swift; path = ListOfGameResultsViewProtocol.swift; sourceTree = "<group>"; };
		DDE7436B2227B60300A73247 /* CreatListOfGameResults.swift */ = {isa = PBXFileReference; lastKnownFileType = sourcecode.swift; path = CreatListOfGameResults.swift; sourceTree = "<group>"; };
		DDE7436D2227B66F00A73247 /* GameResultsViewControllerExtensions.swift */ = {isa = PBXFileReference; lastKnownFileType = sourcecode.swift; path = GameResultsViewControllerExtensions.swift; sourceTree = "<group>"; };
		DDE743C9223A1F4400A73247 /* PopUpGamesResultsView.swift */ = {isa = PBXFileReference; lastKnownFileType = sourcecode.swift; path = PopUpGamesResultsView.swift; sourceTree = "<group>"; };
		DDE743CB223A207F00A73247 /* PopUpGameResultsViewController.swift */ = {isa = PBXFileReference; lastKnownFileType = sourcecode.swift; path = PopUpGameResultsViewController.swift; sourceTree = "<group>"; };
		DDE743CE223A22FE00A73247 /* UiViewExtension.swift */ = {isa = PBXFileReference; lastKnownFileType = sourcecode.swift; path = UiViewExtension.swift; sourceTree = "<group>"; };
/* End PBXFileReference section */

/* Begin PBXFrameworksBuildPhase section */
		DDE74336220D55A400A73247 /* Frameworks */ = {
			isa = PBXFrameworksBuildPhase;
			buildActionMask = 2147483647;
			files = (
			);
			runOnlyForDeploymentPostprocessing = 0;
		};
/* End PBXFrameworksBuildPhase section */

/* Begin PBXGroup section */
		DDB5A6E4224964F200E26C14 /* Entities */ = {
			isa = PBXGroup;
			children = (
				DDE7435A22114EE500A73247 /* GamesResult.swift */,
				DD99A5FB22528F7A00B91568 /* PopUpGameResult.swift */,
			);
			path = Entities;
			sourceTree = "<group>";
		};
		DDDDA304225B088200B6304A /* GameFullInfo */ = {
			isa = PBXGroup;
			children = (
				DDDDA305225B08C800B6304A /* GameStoryboard.storyboard */,
				DDDDA309225B093200B6304A /* Model */,
				DDDDA307225B091300B6304A /* Controller */,
				DDDDA308225B092900B6304A /* View */,
			);
			path = GameFullInfo;
			sourceTree = "<group>";
		};
		DDDDA307225B091300B6304A /* Controller */ = {
			isa = PBXGroup;
			children = (
				DDDDA30A225B09D500B6304A /* GameInfoViewController.swift */,
			);
			path = Controller;
			sourceTree = "<group>";
		};
		DDDDA308225B092900B6304A /* View */ = {
			isa = PBXGroup;
			children = (
				DDDDA30C225B09F500B6304A /* GameInfoView.swift */,
			);
			path = View;
			sourceTree = "<group>";
		};
		DDDDA309225B093200B6304A /* Model */ = {
			isa = PBXGroup;
			children = (
			);
			path = Model;
			sourceTree = "<group>";
		};
		DDE44630224037D9002A409E /* Global Extensions */ = {
			isa = PBXGroup;
			children = (
				DDE743CE223A22FE00A73247 /* UiViewExtension.swift */,
				DDB5A6E022495FB000E26C14 /* StringExtensions.swift */,
			);
			path = "Global Extensions";
			sourceTree = "<group>";
		};
		DDE74330220D55A400A73247 = {
			isa = PBXGroup;
			children = (
				DDE7433B220D55A400A73247 /* HockeyWithMe */,
				DDE7433A220D55A400A73247 /* Products */,
			);
			sourceTree = "<group>";
		};
		DDE7433A220D55A400A73247 /* Products */ = {
			isa = PBXGroup;
			children = (
				DDE74339220D55A400A73247 /* HockeyWithMe.app */,
			);
			name = Products;
			sourceTree = "<group>";
		};
		DDE7433B220D55A400A73247 /* HockeyWithMe */ = {
			isa = PBXGroup;
			children = (
				DDE743CD223A227A00A73247 /* Modules */,
				DDE74352220D592D00A73247 /* ServerService */,
				DDE44630224037D9002A409E /* Global Extensions */,
				DDB5A6E4224964F200E26C14 /* Entities */,
				DDE74346220D55A800A73247 /* Assets.xcassets */,
				DDE7433C220D55A400A73247 /* AppDelegate.swift */,
				DDE74348220D55A800A73247 /* LaunchScreen.storyboard */,
				DDE7434B220D55A800A73247 /* Info.plist */,
				DDE74343220D55A400A73247 /* HockeyWithMe.xcdatamodeld */,
			);
			path = HockeyWithMe;
			sourceTree = "<group>";
		};
		DDE74351220D583500A73247 /* ListOfGamesResult */ = {
			isa = PBXGroup;
			children = (
				DDE74340220D55A400A73247 /* Main.storyboard */,
				DDE74368221FCA1F00A73247 /* Protocols */,
				DDE74360221A82EF00A73247 /* Controller */,
				DDE7435F221A82D800A73247 /* View */,
				DDE7435E221A82C200A73247 /* Model */,
				DDE74363221E777900A73247 /* Extensions */,
			);
			path = ListOfGamesResult;
			sourceTree = "<group>";
		};
		DDE74352220D592D00A73247 /* ServerService */ = {
			isa = PBXGroup;
			children = (
				DDE74353220D596300A73247 /* Protocols */,
				DDE74354220D59A600A73247 /* ServerServiceModules */,
			);
			path = ServerService;
			sourceTree = "<group>";
		};
		DDE74353220D596300A73247 /* Protocols */ = {
			isa = PBXGroup;
			children = (
				DDE74355220D5B0700A73247 /* ServerService.swift */,
			);
			path = Protocols;
			sourceTree = "<group>";
		};
		DDE74354220D59A600A73247 /* ServerServiceModules */ = {
			isa = PBXGroup;
			children = (
				DDE74357221148A000A73247 /* DowloadListOfGamesResult.swift */,
			);
			path = ServerServiceModules;
			sourceTree = "<group>";
		};
		DDE7435E221A82C200A73247 /* Model */ = {
			isa = PBXGroup;
			children = (
				DDE7436B2227B60300A73247 /* CreatListOfGameResults.swift */,
				DD99A5FD22529E3300B91568 /* DateRangeDefinder.swift */,
			);
			path = Model;
			sourceTree = "<group>";
		};
		DDE7435F221A82D800A73247 /* View */ = {
			isa = PBXGroup;
			children = (
				DDE74366221E819500A73247 /* ListOfGameView.swift */,
				DDE74364221E800300A73247 /* ListOfGamesResultsCell.swift */,
				DDE743C9223A1F4400A73247 /* PopUpGamesResultsView.swift */,
			);
			path = View;
			sourceTree = "<group>";
		};
		DDE74360221A82EF00A73247 /* Controller */ = {
			isa = PBXGroup;
			children = (
				DDE7433E220D55A400A73247 /* GameResultsViewController.swift */,
				DDE743CB223A207F00A73247 /* PopUpGameResultsViewController.swift */,
			);
			path = Controller;
			sourceTree = "<group>";
		};
		DDE74363221E777900A73247 /* Extensions */ = {
			isa = PBXGroup;
			children = (
				DDE7436D2227B66F00A73247 /* GameResultsViewControllerExtensions.swift */,
				DDE4462E224034D3002A409E /* PopUpGameResultsViewControllerExtensions.swift */,
				DDB5A6E2224961EF00E26C14 /* ListOfGameResultsCellExtentions.swift */,
			);
			path = Extensions;
			sourceTree = "<group>";
		};
		DDE74368221FCA1F00A73247 /* Protocols */ = {
			isa = PBXGroup;
			children = (
				DDE74369221FCA7400A73247 /* ListOfGameResultsViewProtocol.swift */,
				DDB5A6E52249702000E26C14 /* ExtendedOptions.swift */,
			);
			path = Protocols;
			sourceTree = "<group>";
		};
		DDE743CD223A227A00A73247 /* Modules */ = {
			isa = PBXGroup;
			children = (
				DDE74351220D583500A73247 /* ListOfGamesResult */,
				DDDDA304225B088200B6304A /* GameFullInfo */,
			);
			path = Modules;
			sourceTree = "<group>";
		};
/* End PBXGroup section */

/* Begin PBXNativeTarget section */
		DDE74338220D55A400A73247 /* HockeyWithMe */ = {
			isa = PBXNativeTarget;
			buildConfigurationList = DDE7434E220D55A800A73247 /* Build configuration list for PBXNativeTarget "HockeyWithMe" */;
			buildPhases = (
				DDE74335220D55A400A73247 /* Sources */,
				DDE74336220D55A400A73247 /* Frameworks */,
				DDE74337220D55A400A73247 /* Resources */,
			);
			buildRules = (
			);
			dependencies = (
			);
			name = HockeyWithMe;
			productName = HockeyWithMe;
			productReference = DDE74339220D55A400A73247 /* HockeyWithMe.app */;
			productType = "com.apple.product-type.application";
		};
/* End PBXNativeTarget section */

/* Begin PBXProject section */
		DDE74331220D55A400A73247 /* Project object */ = {
			isa = PBXProject;
			attributes = {
				LastSwiftUpdateCheck = 1010;
				LastUpgradeCheck = 1010;
				ORGANIZATIONNAME = "Никита Кудряков";
				TargetAttributes = {
					DDE74338220D55A400A73247 = {
						CreatedOnToolsVersion = 10.1;
					};
				};
			};
			buildConfigurationList = DDE74334220D55A400A73247 /* Build configuration list for PBXProject "HockeyWithMe" */;
			compatibilityVersion = "Xcode 9.3";
			developmentRegion = en;
			hasScannedForEncodings = 0;
			knownRegions = (
				en,
				Base,
			);
			mainGroup = DDE74330220D55A400A73247;
			productRefGroup = DDE7433A220D55A400A73247 /* Products */;
			projectDirPath = "";
			projectRoot = "";
			targets = (
				DDE74338220D55A400A73247 /* HockeyWithMe */,
			);
		};
/* End PBXProject section */

/* Begin PBXResourcesBuildPhase section */
		DDE74337220D55A400A73247 /* Resources */ = {
			isa = PBXResourcesBuildPhase;
			buildActionMask = 2147483647;
			files = (
				DDE7434A220D55A800A73247 /* LaunchScreen.storyboard in Resources */,
				DDE74347220D55A800A73247 /* Assets.xcassets in Resources */,
				DDE74342220D55A400A73247 /* Main.storyboard in Resources */,
				DDDDA306225B08C800B6304A /* GameStoryboard.storyboard in Resources */,
			);
			runOnlyForDeploymentPostprocessing = 0;
		};
/* End PBXResourcesBuildPhase section */

/* Begin PBXSourcesBuildPhase section */
		DDE74335220D55A400A73247 /* Sources */ = {
			isa = PBXSourcesBuildPhase;
			buildActionMask = 2147483647;
			files = (
				DDE74356220D5B0700A73247 /* ServerService.swift in Sources */,
				DDE74365221E800300A73247 /* ListOfGamesResultsCell.swift in Sources */,
				DD99A5FE22529E3300B91568 /* DateRangeDefinder.swift in Sources */,
				DDE74345220D55A400A73247 /* HockeyWithMe.xcdatamodeld in Sources */,
				DDE7433F220D55A400A73247 /* GameResultsViewController.swift in Sources */,
				DDE7433D220D55A400A73247 /* AppDelegate.swift in Sources */,
				DDDDA30B225B09D500B6304A /* GameInfoViewController.swift in Sources */,
				DDE4462F224034D3002A409E /* PopUpGameResultsViewControllerExtensions.swift in Sources */,
				DD99A5FC22528F7A00B91568 /* PopUpGameResult.swift in Sources */,
				DDE7436A221FCA7400A73247 /* ListOfGameResultsViewProtocol.swift in Sources */,
				DDE743CF223A22FE00A73247 /* UiViewExtension.swift in Sources */,
				DDB5A6E3224961EF00E26C14 /* ListOfGameResultsCellExtentions.swift in Sources */,
				DDB5A6E122495FB000E26C14 /* StringExtensions.swift in Sources */,
				DDE74367221E819500A73247 /* ListOfGameView.swift in Sources */,
				DDE74358221148A000A73247 /* DowloadListOfGamesResult.swift in Sources */,
				DDE743CA223A1F4400A73247 /* PopUpGamesResultsView.swift in Sources */,
				DDE743CC223A207F00A73247 /* PopUpGameResultsViewController.swift in Sources */,
				DDE7435B22114EE500A73247 /* GamesResult.swift in Sources */,
				DDDDA30D225B09F500B6304A /* GameInfoView.swift in Sources */,
				DDE7436C2227B60300A73247 /* CreatListOfGameResults.swift in Sources */,
				DDE7436E2227B66F00A73247 /* GameResultsViewControllerExtensions.swift in Sources */,
				DDB5A6E62249702000E26C14 /* ExtendedOptions.swift in Sources */,
			);
			runOnlyForDeploymentPostprocessing = 0;
		};
/* End PBXSourcesBuildPhase section */

/* Begin PBXVariantGroup section */
		DDE74340220D55A400A73247 /* Main.storyboard */ = {
			isa = PBXVariantGroup;
			children = (
				DDE74341220D55A400A73247 /* Base */,
			);
			name = Main.storyboard;
			sourceTree = "<group>";
		};
		DDE74348220D55A800A73247 /* LaunchScreen.storyboard */ = {
			isa = PBXVariantGroup;
			children = (
				DDE74349220D55A800A73247 /* Base */,
			);
			name = LaunchScreen.storyboard;
			sourceTree = "<group>";
		};
/* End PBXVariantGroup section */

/* Begin XCBuildConfiguration section */
		DDE7434C220D55A800A73247 /* Debug */ = {
			isa = XCBuildConfiguration;
			buildSettings = {
				ALWAYS_SEARCH_USER_PATHS = NO;
				CLANG_ANALYZER_NONNULL = YES;
				CLANG_ANALYZER_NUMBER_OBJECT_CONVERSION = YES_AGGRESSIVE;
				CLANG_CXX_LANGUAGE_STANDARD = "gnu++14";
				CLANG_CXX_LIBRARY = "libc++";
				CLANG_ENABLE_MODULES = YES;
				CLANG_ENABLE_OBJC_ARC = YES;
				CLANG_ENABLE_OBJC_WEAK = YES;
				CLANG_WARN_BLOCK_CAPTURE_AUTORELEASING = YES;
				CLANG_WARN_BOOL_CONVERSION = YES;
				CLANG_WARN_COMMA = YES;
				CLANG_WARN_CONSTANT_CONVERSION = YES;
				CLANG_WARN_DEPRECATED_OBJC_IMPLEMENTATIONS = YES;
				CLANG_WARN_DIRECT_OBJC_ISA_USAGE = YES_ERROR;
				CLANG_WARN_DOCUMENTATION_COMMENTS = YES;
				CLANG_WARN_EMPTY_BODY = YES;
				CLANG_WARN_ENUM_CONVERSION = YES;
				CLANG_WARN_INFINITE_RECURSION = YES;
				CLANG_WARN_INT_CONVERSION = YES;
				CLANG_WARN_NON_LITERAL_NULL_CONVERSION = YES;
				CLANG_WARN_OBJC_IMPLICIT_RETAIN_SELF = YES;
				CLANG_WARN_OBJC_LITERAL_CONVERSION = YES;
				CLANG_WARN_OBJC_ROOT_CLASS = YES_ERROR;
				CLANG_WARN_RANGE_LOOP_ANALYSIS = YES;
				CLANG_WARN_STRICT_PROTOTYPES = YES;
				CLANG_WARN_SUSPICIOUS_MOVE = YES;
				CLANG_WARN_UNGUARDED_AVAILABILITY = YES_AGGRESSIVE;
				CLANG_WARN_UNREACHABLE_CODE = YES;
				CLANG_WARN__DUPLICATE_METHOD_MATCH = YES;
				CODE_SIGN_IDENTITY = "iPhone Developer";
				COPY_PHASE_STRIP = NO;
				DEBUG_INFORMATION_FORMAT = dwarf;
				ENABLE_STRICT_OBJC_MSGSEND = YES;
				ENABLE_TESTABILITY = YES;
				GCC_C_LANGUAGE_STANDARD = gnu11;
				GCC_DYNAMIC_NO_PIC = NO;
				GCC_NO_COMMON_BLOCKS = YES;
				GCC_OPTIMIZATION_LEVEL = 0;
				GCC_PREPROCESSOR_DEFINITIONS = (
					"DEBUG=1",
					"$(inherited)",
				);
				GCC_WARN_64_TO_32_BIT_CONVERSION = YES;
				GCC_WARN_ABOUT_RETURN_TYPE = YES_ERROR;
				GCC_WARN_UNDECLARED_SELECTOR = YES;
				GCC_WARN_UNINITIALIZED_AUTOS = YES_AGGRESSIVE;
				GCC_WARN_UNUSED_FUNCTION = YES;
				GCC_WARN_UNUSED_VARIABLE = YES;
				IPHONEOS_DEPLOYMENT_TARGET = 12.1;
				MTL_ENABLE_DEBUG_INFO = INCLUDE_SOURCE;
				MTL_FAST_MATH = YES;
				ONLY_ACTIVE_ARCH = YES;
				SDKROOT = iphoneos;
				SWIFT_ACTIVE_COMPILATION_CONDITIONS = DEBUG;
				SWIFT_OPTIMIZATION_LEVEL = "-Onone";
			};
			name = Debug;
		};
		DDE7434D220D55A800A73247 /* Release */ = {
			isa = XCBuildConfiguration;
			buildSettings = {
				ALWAYS_SEARCH_USER_PATHS = NO;
				CLANG_ANALYZER_NONNULL = YES;
				CLANG_ANALYZER_NUMBER_OBJECT_CONVERSION = YES_AGGRESSIVE;
				CLANG_CXX_LANGUAGE_STANDARD = "gnu++14";
				CLANG_CXX_LIBRARY = "libc++";
				CLANG_ENABLE_MODULES = YES;
				CLANG_ENABLE_OBJC_ARC = YES;
				CLANG_ENABLE_OBJC_WEAK = YES;
				CLANG_WARN_BLOCK_CAPTURE_AUTORELEASING = YES;
				CLANG_WARN_BOOL_CONVERSION = YES;
				CLANG_WARN_COMMA = YES;
				CLANG_WARN_CONSTANT_CONVERSION = YES;
				CLANG_WARN_DEPRECATED_OBJC_IMPLEMENTATIONS = YES;
				CLANG_WARN_DIRECT_OBJC_ISA_USAGE = YES_ERROR;
				CLANG_WARN_DOCUMENTATION_COMMENTS = YES;
				CLANG_WARN_EMPTY_BODY = YES;
				CLANG_WARN_ENUM_CONVERSION = YES;
				CLANG_WARN_INFINITE_RECURSION = YES;
				CLANG_WARN_INT_CONVERSION = YES;
				CLANG_WARN_NON_LITERAL_NULL_CONVERSION = YES;
				CLANG_WARN_OBJC_IMPLICIT_RETAIN_SELF = YES;
				CLANG_WARN_OBJC_LITERAL_CONVERSION = YES;
				CLANG_WARN_OBJC_ROOT_CLASS = YES_ERROR;
				CLANG_WARN_RANGE_LOOP_ANALYSIS = YES;
				CLANG_WARN_STRICT_PROTOTYPES = YES;
				CLANG_WARN_SUSPICIOUS_MOVE = YES;
				CLANG_WARN_UNGUARDED_AVAILABILITY = YES_AGGRESSIVE;
				CLANG_WARN_UNREACHABLE_CODE = YES;
				CLANG_WARN__DUPLICATE_METHOD_MATCH = YES;
				CODE_SIGN_IDENTITY = "iPhone Developer";
				COPY_PHASE_STRIP = NO;
				DEBUG_INFORMATION_FORMAT = "dwarf-with-dsym";
				ENABLE_NS_ASSERTIONS = NO;
				ENABLE_STRICT_OBJC_MSGSEND = YES;
				GCC_C_LANGUAGE_STANDARD = gnu11;
				GCC_NO_COMMON_BLOCKS = YES;
				GCC_WARN_64_TO_32_BIT_CONVERSION = YES;
				GCC_WARN_ABOUT_RETURN_TYPE = YES_ERROR;
				GCC_WARN_UNDECLARED_SELECTOR = YES;
				GCC_WARN_UNINITIALIZED_AUTOS = YES_AGGRESSIVE;
				GCC_WARN_UNUSED_FUNCTION = YES;
				GCC_WARN_UNUSED_VARIABLE = YES;
				IPHONEOS_DEPLOYMENT_TARGET = 12.1;
				MTL_ENABLE_DEBUG_INFO = NO;
				MTL_FAST_MATH = YES;
				SDKROOT = iphoneos;
				SWIFT_COMPILATION_MODE = wholemodule;
				SWIFT_OPTIMIZATION_LEVEL = "-O";
				VALIDATE_PRODUCT = YES;
			};
			name = Release;
		};
		DDE7434F220D55A800A73247 /* Debug */ = {
			isa = XCBuildConfiguration;
			buildSettings = {
				ASSETCATALOG_COMPILER_APPICON_NAME = AppIcon;
				CODE_SIGN_STYLE = Automatic;
				DEVELOPMENT_TEAM = SMJDH4AP96;
				INFOPLIST_FILE = HockeyWithMe/Info.plist;
				LD_RUNPATH_SEARCH_PATHS = (
					"$(inherited)",
					"@executable_path/Frameworks",
				);
				PRODUCT_BUNDLE_IDENTIFIER = NK95.HockeyWithMe;
				PRODUCT_NAME = "$(TARGET_NAME)";
				SWIFT_VERSION = 4.2;
				TARGETED_DEVICE_FAMILY = "1,2";
			};
			name = Debug;
		};
		DDE74350220D55A800A73247 /* Release */ = {
			isa = XCBuildConfiguration;
			buildSettings = {
				ASSETCATALOG_COMPILER_APPICON_NAME = AppIcon;
				CODE_SIGN_STYLE = Automatic;
				DEVELOPMENT_TEAM = SMJDH4AP96;
				INFOPLIST_FILE = HockeyWithMe/Info.plist;
				LD_RUNPATH_SEARCH_PATHS = (
					"$(inherited)",
					"@executable_path/Frameworks",
				);
				PRODUCT_BUNDLE_IDENTIFIER = NK95.HockeyWithMe;
				PRODUCT_NAME = "$(TARGET_NAME)";
				SWIFT_VERSION = 4.2;
				TARGETED_DEVICE_FAMILY = "1,2";
			};
			name = Release;
		};
/* End XCBuildConfiguration section */

/* Begin XCConfigurationList section */
		DDE74334220D55A400A73247 /* Build configuration list for PBXProject "HockeyWithMe" */ = {
			isa = XCConfigurationList;
			buildConfigurations = (
				DDE7434C220D55A800A73247 /* Debug */,
				DDE7434D220D55A800A73247 /* Release */,
			);
			defaultConfigurationIsVisible = 0;
			defaultConfigurationName = Release;
		};
		DDE7434E220D55A800A73247 /* Build configuration list for PBXNativeTarget "HockeyWithMe" */ = {
			isa = XCConfigurationList;
			buildConfigurations = (
				DDE7434F220D55A800A73247 /* Debug */,
				DDE74350220D55A800A73247 /* Release */,
			);
			defaultConfigurationIsVisible = 0;
			defaultConfigurationName = Release;
		};
/* End XCConfigurationList section */

/* Begin XCVersionGroup section */
		DDE74343220D55A400A73247 /* HockeyWithMe.xcdatamodeld */ = {
			isa = XCVersionGroup;
			children = (
				DDE74344220D55A400A73247 /* HockeyWithMe.xcdatamodel */,
			);
			currentVersion = DDE74344220D55A400A73247 /* HockeyWithMe.xcdatamodel */;
			path = HockeyWithMe.xcdatamodeld;
			sourceTree = "<group>";
			versionGroupType = wrapper.xcdatamodel;
		};
/* End XCVersionGroup section */
	};
	rootObject = DDE74331220D55A400A73247 /* Project object */;
}
